
Microsoft Visual Studio Solution File, Format Version 12.00
# Visual Studio Version 16
VisualStudioVersion = 16.0.29519.87
MinimumVisualStudioVersion = 10.0.40219.1
Project("{9A19103F-16F7-4668-BE54-9A1E7A4F7556}") = "TestLetsEncrypt", "TestLetsEncrypt\TestLetsEncrypt.csproj", "{C0F63D49-3A40-4321-91C1-CB6E81469F99}"
EndProject
Project("{9A19103F-16F7-4668-BE54-9A1E7A4F7556}") = "McMaster.AspNetCore.LetsEncrypt", "LetsEncrypt\McMaster.AspNetCore.LetsEncrypt.csproj", "{0EBE8B43-D077-4B2B-84F3-819463990D31}"
EndProject
Global
	GlobalSection(SolutionConfigurationPlatforms) = preSolution
		Debug|Any CPU = Debug|Any CPU
		Release|Any CPU = Release|Any CPU
	EndGlobalSection
	GlobalSection(ProjectConfigurationPlatforms) = postSolution
		{C0F63D49-3A40-4321-91C1-CB6E81469F99}.Debug|Any CPU.ActiveCfg = Debug|Any CPU
		{C0F63D49-3A40-4321-91C1-CB6E81469F99}.Debug|Any CPU.Build.0 = Debug|Any CPU
		{C0F63D49-3A40-4321-91C1-CB6E81469F99}.Release|Any CPU.ActiveCfg = Release|Any CPU
		{C0F63D49-3A40-4321-91C1-CB6E81469F99}.Release|Any CPU.Build.0 = Release|Any CPU
		{0EBE8B43-D077-4B2B-84F3-819463990D31}.Debug|Any CPU.ActiveCfg = Debug|Any CPU
		{0EBE8B43-D077-4B2B-84F3-819463990D31}.Debug|Any CPU.Build.0 = Debug|Any CPU
		{0EBE8B43-D077-4B2B-84F3-819463990D31}.Release|Any CPU.ActiveCfg = Release|Any CPU
		{0EBE8B43-D077-4B2B-84F3-819463990D31}.Release|Any CPU.Build.0 = Release|Any CPU
	EndGlobalSection
	GlobalSection(SolutionProperties) = preSolution
		HideSolutionNode = FALSE
	EndGlobalSection
	GlobalSection(ExtensibilityGlobals) = postSolution
		SolutionGuid = {267A522A-4BE0-4186-96F7-DA5C878DC541}
	EndGlobalSection
EndGlobal
